Microsoft Visual Studio Solution File, Format Version 11.00
# Visual Studio 2008

Project("{6A896896-72B5-E733-E998-66B4762511E4}") = "proyecto pruebas", "Assembly-CSharp.csproj", "{5500B9AA-0217-0597-128F-5FFE2F29ACF2}"
EndProject
Project("{6A896896-72B5-E733-E998-66B4762511E4}") = "proyecto pruebas", "Assembly-UnityScript.unityproj", "{1090B5BF-123F-08CC-3A93-EA110467EA8B}"
EndProject
Global
	GlobalSection(SolutionConfigurationPlatforms) = preSolution
		Debug|Any CPU = Debug|Any CPU
		Release|Any CPU = Release|Any CPU
	EndGlobalSection
	GlobalSection(ProjectConfigurationPlatforms) = postSolution
		{5500B9AA-0217-0597-128F-5FFE2F29ACF2}.Debug|Any CPU.ActiveCfg = Debug|Any CPU
		{5500B9AA-0217-0597-128F-5FFE2F29ACF2}.Debug|Any CPU.Build.0 = Debug|Any CPU
		{5500B9AA-0217-0597-128F-5FFE2F29ACF2}.Release|Any CPU.ActiveCfg = Release|Any CPU
		{5500B9AA-0217-0597-128F-5FFE2F29ACF2}.Release|Any CPU.Build.0 = Release|Any CPU
		{1090B5BF-123F-08CC-3A93-EA110467EA8B}.Debug|Any CPU.ActiveCfg = Debug|Any CPU
		{1090B5BF-123F-08CC-3A93-EA110467EA8B}.Debug|Any CPU.Build.0 = Debug|Any CPU
		{1090B5BF-123F-08CC-3A93-EA110467EA8B}.Release|Any CPU.ActiveCfg = Release|Any CPU
		{1090B5BF-123F-08CC-3A93-EA110467EA8B}.Release|Any CPU.Build.0 = Release|Any CPU
	EndGlobalSection
	GlobalSection(SolutionProperties) = preSolution
		HideSolutionNode = FALSE
	EndGlobalSection
										GlobalSection(MonoDevelopProperties) = preSolution
		StartupItem = Assembly-CSharp.csproj
		Policies = $0
		$0.TextStylePolicy = $1
		$1.inheritsSet = null
		$1.scope = text/x-csharp
		$0.CSharpFormattingPolicy = $2
		$2.inheritsSet = Mono
		$2.inheritsScope = text/x-csharp
		$2.scope = text/x-csharp
		$0.TextStylePolicy = $3
		$3.FileWidth = 120
		$3.TabWidth = 4
		$3.EolMarker = Unix
		$3.inheritsSet = Mono
		$3.inheritsScope = text/plain
		$3.scope = text/plain
	EndGlobalSection

EndGlobal
